
Microsoft Visual Studio Solution File, Format Version 12.00
# Visual Studio Version 17
VisualStudioVersion = 17.5.002.0
MinimumVisualStudioVersion = 10.0.40219.1
Project("{9A19103F-16F7-4668-BE54-9A1E7A4F7556}") = "Legion.ADF.Logs.UI", "Legion.ADF.Logs.UI.csproj", "{00964046-EFED-4D0C-A055-6F18BBF3E896}"
EndProject
Global
	GlobalSection(SolutionConfigurationPlatforms) = preSolution
		Debug|Any CPU = Debug|Any CPU
		Release|Any CPU = Release|Any CPU
	EndGlobalSection
	GlobalSection(ProjectConfigurationPlatforms) = postSolution
		{00964046-EFED-4D0C-A055-6F18BBF3E896}.Debug|Any CPU.ActiveCfg = Debug|Any CPU
		{00964046-EFED-4D0C-A055-6F18BBF3E896}.Debug|Any CPU.Build.0 = Debug|Any CPU
		{00964046-EFED-4D0C-A055-6F18BBF3E896}.Release|Any CPU.ActiveCfg = Release|Any CPU
		{00964046-EFED-4D0C-A055-6F18BBF3E896}.Release|Any CPU.Build.0 = Release|Any CPU
	EndGlobalSection
	GlobalSection(SolutionProperties) = preSolution
		HideSolutionNode = FALSE
	EndGlobalSection
	GlobalSection(ExtensibilityGlobals) = postSolution
		SolutionGuid = {C5D347C6-9A4B-4CD7-A2BE-6D627866F588}
	EndGlobalSection
EndGlobal
